// !$*UTF8*$!
{
	archiveVersion = 1;
	classes = {
	};
	objectVersion = 56;
	objects = {

/* Begin PBXBuildFile section */
		0B2C62C229F30E3D00B8503D /* .gitignore in Resources */ = {isa = PBXBuildFile; fileRef = 0B2C62C129F30E3D00B8503D /* .gitignore */; };
		0B2C62C829F30E7E00B8503D /* flower-labels.txt in Resources */ = {isa = PBXBuildFile; fileRef = 0B2C62C429F30E7E00B8503D /* flower-labels.txt */; };
		0B2C62CA29F30E7E00B8503D /* deploy.prototxt in Resources */ = {isa = PBXBuildFile; fileRef = 0B2C62C629F30E7E00B8503D /* deploy.prototxt */; };
		0B2C62CD29F30E8D00B8503D /* convert_model.py in Resources */ = {isa = PBXBuildFile; fileRef = 0B2C62CC29F30E8D00B8503D /* convert_model.py */; };
		0B8116CC29F311E900B02056 /* README.md in Resources */ = {isa = PBXBuildFile; fileRef = 0B8116CB29F311E900B02056 /* README.md */; };
		0B84B3AC29EF45D000EF0FA9 /* AppDelegate.swift in Sources */ = {isa = PBXBuildFile; fileRef = 0B84B3AB29EF45D000EF0FA9 /* AppDelegate.swift */; };
		0B84B3AE29EF45D000EF0FA9 /* SceneDelegate.swift in Sources */ = {isa = PBXBuildFile; fileRef = 0B84B3AD29EF45D000EF0FA9 /* SceneDelegate.swift */; };
		0B84B3B029EF45D000EF0FA9 /* ViewController.swift in Sources */ = {isa = PBXBuildFile; fileRef = 0B84B3AF29EF45D000EF0FA9 /* ViewController.swift */; };
		0B84B3B329EF45D000EF0FA9 /* Main.storyboard in Resources */ = {isa = PBXBuildFile; fileRef = 0B84B3B129EF45D000EF0FA9 /* Main.storyboard */; };
		0B84B3B529EF45D200EF0FA9 /* Assets.xcassets in Resources */ = {isa = PBXBuildFile; fileRef = 0B84B3B429EF45D200EF0FA9 /* Assets.xcassets */; };
		0B84B3B829EF45D200EF0FA9 /* LaunchScreen.storyboard in Resources */ = {isa = PBXBuildFile; fileRef = 0B84B3B629EF45D200EF0FA9 /* LaunchScreen.storyboard */; };
		0BFA4F1029F315420022FA43 /* FlowerClassifier.mlmodel in Sources */ = {isa = PBXBuildFile; fileRef = 0BFA4F0E29F315420022FA43 /* FlowerClassifier.mlmodel */; };
		0BFA4F1129F315420022FA43 /* oxford102.caffemodel in Resources */ = {isa = PBXBuildFile; fileRef = 0BFA4F0F29F315420022FA43 /* oxford102.caffemodel */; };
		0BFA4F1629F316660022FA43 /* UILabelPadded.swift in Sources */ = {isa = PBXBuildFile; fileRef = 0BFA4F1529F316660022FA43 /* UILabelPadded.swift */; };
		0BFA4F1829F31C470022FA43 /* Constants.swift in Sources */ = {isa = PBXBuildFile; fileRef = 0BFA4F1729F31C470022FA43 /* Constants.swift */; };
/* End PBXBuildFile section */

/* Begin PBXFileReference section */
		0B2C62C129F30E3D00B8503D /* .gitignore */ = {isa = PBXFileReference; lastKnownFileType = text; path = .gitignore; sourceTree = "<group>"; };
		0B2C62C429F30E7E00B8503D /* flower-labels.txt */ = {isa = PBXFileReference; fileEncoding = 4; lastKnownFileType = text; path = "flower-labels.txt"; sourceTree = "<group>"; };
		0B2C62C629F30E7E00B8503D /* deploy.prototxt */ = {isa = PBXFileReference; fileEncoding = 4; lastKnownFileType = text; path = deploy.prototxt; sourceTree = "<group>"; };
		0B2C62CC29F30E8D00B8503D /* convert_model.py */ = {isa = PBXFileReference; fileEncoding = 4; lastKnownFileType = text.script.python; path = convert_model.py; sourceTree = "<group>"; };
		0B8116CB29F311E900B02056 /* README.md */ = {isa = PBXFileReference; fileEncoding = 4; lastKnownFileType = net.daringfireball.markdown; path = README.md; sourceTree = "<group>"; };
		0B84B3A829EF45D000EF0FA9 /* CheFiore.app */ = {isa = PBXFileReference; explicitFileType = wrapper.application; includeInIndex = 0; path = CheFiore.app; sourceTree = BUILT_PRODUCTS_DIR; };
		0B84B3AB29EF45D000EF0FA9 /* AppDelegate.swift */ = {isa = PBXFileReference; lastKnownFileType = sourcecode.swift; path = AppDelegate.swift; sourceTree = "<group>"; };
		0B84B3AD29EF45D000EF0FA9 /* SceneDelegate.swift */ = {isa = PBXFileReference; lastKnownFileType = sourcecode.swift; path = SceneDelegate.swift; sourceTree = "<group>"; };
		0B84B3AF29EF45D000EF0FA9 /* ViewController.swift */ = {isa = PBXFileReference; lastKnownFileType = sourcecode.swift; path = ViewController.swift; sourceTree = "<group>"; };
		0B84B3B229EF45D000EF0FA9 /* Base */ = {isa = PBXFileReference; lastKnownFileType = file.storyboard; name = Base; path = Base.lproj/Main.storyboard; sourceTree = "<group>"; };
		0B84B3B429EF45D200EF0FA9 /* Assets.xcassets */ = {isa = PBXFileReference; lastKnownFileType = folder.assetcatalog; path = Assets.xcassets; sourceTree = "<group>"; };
		0B84B3B729EF45D200EF0FA9 /* Base */ = {isa = PBXFileReference; lastKnownFileType = file.storyboard; name = Base; path = Base.lproj/LaunchScreen.storyboard; sourceTree = "<group>"; };
		0B84B3B929EF45D200EF0FA9 /* Info.plist */ = {isa = PBXFileReference; lastKnownFileType = text.plist.xml; path = Info.plist; sourceTree = "<group>"; };
		0BFA4F0E29F315420022FA43 /* FlowerClassifier.mlmodel */ = {isa = PBXFileReference; lastKnownFileType = file.mlmodel; path = FlowerClassifier.mlmodel; sourceTree = "<group>"; };
		0BFA4F0F29F315420022FA43 /* oxford102.caffemodel */ = {isa = PBXFileReference; lastKnownFileType = file; path = oxford102.caffemodel; sourceTree = "<group>"; };
		0BFA4F1529F316660022FA43 /* UILabelPadded.swift */ = {isa = PBXFileReference; fileEncoding = 4; lastKnownFileType = sourcecode.swift; path = UILabelPadded.swift; sourceTree = "<group>"; };
		0BFA4F1729F31C470022FA43 /* Constants.swift */ = {isa = PBXFileReference; lastKnownFileType = sourcecode.swift; path = Constants.swift; sourceTree = "<group>"; };
/* End PBXFileReference section */

/* Begin PBXFrameworksBuildPhase section */
		0B84B3A529EF45D000EF0FA9 /* Frameworks */ = {
			isa = PBXFrameworksBuildPhase;
			buildActionMask = 2147483647;
			files = (
			);
			runOnlyForDeploymentPostprocessing = 0;
		};
/* End PBXFrameworksBuildPhase section */

/* Begin PBXGroup section */
		0B2C62C329F30E7300B8503D /* utils */ = {
			isa = PBXGroup;
			children = (
				0B2C62CC29F30E8D00B8503D /* convert_model.py */,
				0B2C62C629F30E7E00B8503D /* deploy.prototxt */,
				0B2C62C429F30E7E00B8503D /* flower-labels.txt */,
				0BFA4F0E29F315420022FA43 /* FlowerClassifier.mlmodel */,
				0BFA4F0F29F315420022FA43 /* oxford102.caffemodel */,
			);
			path = utils;
			sourceTree = "<group>";
		};
		0B84B39F29EF45D000EF0FA9 = {
			isa = PBXGroup;
			children = (
				0B8116CB29F311E900B02056 /* README.md */,
				0B2C62C129F30E3D00B8503D /* .gitignore */,
				0B84B3AA29EF45D000EF0FA9 /* CheFiore */,
				0B84B3A929EF45D000EF0FA9 /* Products */,
			);
			sourceTree = "<group>";
		};
		0B84B3A929EF45D000EF0FA9 /* Products */ = {
			isa = PBXGroup;
			children = (
				0B84B3A829EF45D000EF0FA9 /* CheFiore.app */,
			);
			name = Products;
			sourceTree = "<group>";
		};
		0B84B3AA29EF45D000EF0FA9 /* CheFiore */ = {
			isa = PBXGroup;
			children = (
				0BFA4F1229F315A90022FA43 /* Model */,
				0BFA4F1429F315BF0022FA43 /* View */,
				0BFA4F1329F315B00022FA43 /* Controller */,
				0B2C62C329F30E7300B8503D /* utils */,
				0B84B3AB29EF45D000EF0FA9 /* AppDelegate.swift */,
				0B84B3AD29EF45D000EF0FA9 /* SceneDelegate.swift */,
				0B84B3B429EF45D200EF0FA9 /* Assets.xcassets */,
				0B84B3B929EF45D200EF0FA9 /* Info.plist */,
				0BFA4F1729F31C470022FA43 /* Constants.swift */,
			);
			path = CheFiore;
			sourceTree = "<group>";
		};
		0BFA4F1229F315A90022FA43 /* Model */ = {
			isa = PBXGroup;
			children = (
				0BFA4F1529F316660022FA43 /* UILabelPadded.swift */,
			);
			path = Model;
			sourceTree = "<group>";
		};
		0BFA4F1329F315B00022FA43 /* Controller */ = {
			isa = PBXGroup;
			children = (
				0B84B3AF29EF45D000EF0FA9 /* ViewController.swift */,
			);
			path = Controller;
			sourceTree = "<group>";
		};
		0BFA4F1429F315BF0022FA43 /* View */ = {
			isa = PBXGroup;
			children = (
				0B84B3B129EF45D000EF0FA9 /* Main.storyboard */,
				0B84B3B629EF45D200EF0FA9 /* LaunchScreen.storyboard */,
			);
			path = View;
			sourceTree = "<group>";
		};
/* End PBXGroup section */

/* Begin PBXNativeTarget section */
		0B84B3A729EF45D000EF0FA9 /* CheFiore */ = {
			isa = PBXNativeTarget;
			buildConfigurationList = 0B84B3BC29EF45D200EF0FA9 /* Build configuration list for PBXNativeTarget "CheFiore" */;
			buildPhases = (
				0B84B3A429EF45D000EF0FA9 /* Sources */,
				0B84B3A529EF45D000EF0FA9 /* Frameworks */,
				0B84B3A629EF45D000EF0FA9 /* Resources */,
			);
			buildRules = (
			);
			dependencies = (
			);
			name = CheFiore;
			productName = CheFiore;
			productReference = 0B84B3A829EF45D000EF0FA9 /* CheFiore.app */;
			productType = "com.apple.product-type.application";
		};
/* End PBXNativeTarget section */

/* Begin PBXProject section */
		0B84B3A029EF45D000EF0FA9 /* Project object */ = {
			isa = PBXProject;
			attributes = {
				BuildIndependentTargetsInParallel = 1;
				LastSwiftUpdateCheck = 1430;
				LastUpgradeCheck = 1430;
				TargetAttributes = {
					0B84B3A729EF45D000EF0FA9 = {
						CreatedOnToolsVersion = 14.3;
					};
				};
			};
			buildConfigurationList = 0B84B3A329EF45D000EF0FA9 /* Build configuration list for PBXProject "CheFiore" */;
			compatibilityVersion = "Xcode 14.0";
			developmentRegion = en;
			hasScannedForEncodings = 0;
			knownRegions = (
				en,
				Base,
			);
			mainGroup = 0B84B39F29EF45D000EF0FA9;
			productRefGroup = 0B84B3A929EF45D000EF0FA9 /* Products */;
			projectDirPath = "";
			projectRoot = "";
			targets = (
				0B84B3A729EF45D000EF0FA9 /* CheFiore */,
			);
		};
/* End PBXProject section */

/* Begin PBXResourcesBuildPhase section */
		0B84B3A629EF45D000EF0FA9 /* Resources */ = {
			isa = PBXResourcesBuildPhase;
			buildActionMask = 2147483647;
			files = (
				0B2C62CD29F30E8D00B8503D /* convert_model.py in Resources */,
				0B2C62C229F30E3D00B8503D /* .gitignore in Resources */,
				0BFA4F1129F315420022FA43 /* oxford102.caffemodel in Resources */,
				0B84B3B829EF45D200EF0FA9 /* LaunchScreen.storyboard in Resources */,
				0B2C62CA29F30E7E00B8503D /* deploy.prototxt in Resources */,
				0B84B3B529EF45D200EF0FA9 /* Assets.xcassets in Resources */,
				0B8116CC29F311E900B02056 /* README.md in Resources */,
				0B2C62C829F30E7E00B8503D /* flower-labels.txt in Resources */,
				0B84B3B329EF45D000EF0FA9 /* Main.storyboard in Resources */,
			);
			runOnlyForDeploymentPostprocessing = 0;
		};
/* End PBXResourcesBuildPhase section */

/* Begin PBXSourcesBuildPhase section */
		0B84B3A429EF45D000EF0FA9 /* Sources */ = {
			isa = PBXSourcesBuildPhase;
			buildActionMask = 2147483647;
			files = (
				0BFA4F1029F315420022FA43 /* FlowerClassifier.mlmodel in Sources */,
				0BFA4F1629F316660022FA43 /* UILabelPadded.swift in Sources */,
				0B84B3B029EF45D000EF0FA9 /* ViewController.swift in Sources */,
				0B84B3AC29EF45D000EF0FA9 /* AppDelegate.swift in Sources */,
				0B84B3AE29EF45D000EF0FA9 /* SceneDelegate.swift in Sources */,
				0BFA4F1829F31C470022FA43 /* Constants.swift in Sources */,
			);
			runOnlyForDeploymentPostprocessing = 0;
		};
/* End PBXSourcesBuildPhase section */

/* Begin PBXVariantGroup section */
		0B84B3B129EF45D000EF0FA9 /* Main.storyboard */ = {
			isa = PBXVariantGroup;
			children = (
				0B84B3B229EF45D000EF0FA9 /* Base */,
			);
			name = Main.storyboard;
			sourceTree = "<group>";
		};
		0B84B3B629EF45D200EF0FA9 /* LaunchScreen.storyboard */ = {
			isa = PBXVariantGroup;
			children = (
				0B84B3B729EF45D200EF0FA9 /* Base */,
			);
			name = LaunchScreen.storyboard;
			sourceTree = "<group>";
		};
/* End PBXVariantGroup section */

/* Begin XCBuildConfiguration section */
		0B84B3BA29EF45D200EF0FA9 /* Debug */ = {
			isa = XCBuildConfiguration;
			buildSettings = {
				ALWAYS_SEARCH_USER_PATHS = NO;
				CLANG_ANALYZER_NONNULL = YES;
				CLANG_ANALYZER_NUMBER_OBJECT_CONVERSION = YES_AGGRESSIVE;
				CLANG_CXX_LANGUAGE_STANDARD = "gnu++20";
				CLANG_ENABLE_MODULES = YES;
				CLANG_ENABLE_OBJC_ARC = YES;
				CLANG_ENABLE_OBJC_WEAK = YES;
				CLANG_WARN_BLOCK_CAPTURE_AUTORELEASING = YES;
				CLANG_WARN_BOOL_CONVERSION = YES;
				CLANG_WARN_COMMA = YES;
				CLANG_WARN_CONSTANT_CONVERSION = YES;
				CLANG_WARN_DEPRECATED_OBJC_IMPLEMENTATIONS = YES;
				CLANG_WARN_DIRECT_OBJC_ISA_USAGE = YES_ERROR;
				CLANG_WARN_DOCUMENTATION_COMMENTS = YES;
				CLANG_WARN_EMPTY_BODY = YES;
				CLANG_WARN_ENUM_CONVERSION = YES;
				CLANG_WARN_INFINITE_RECURSION = YES;
				CLANG_WARN_INT_CONVERSION = YES;
				CLANG_WARN_NON_LITERAL_NULL_CONVERSION = YES;
				CLANG_WARN_OBJC_IMPLICIT_RETAIN_SELF = YES;
				CLANG_WARN_OBJC_LITERAL_CONVERSION = YES;
				CLANG_WARN_OBJC_ROOT_CLASS = YES_ERROR;
				CLANG_WARN_QUOTED_INCLUDE_IN_FRAMEWORK_HEADER = YES;
				CLANG_WARN_RANGE_LOOP_ANALYSIS = YES;
				CLANG_WARN_STRICT_PROTOTYPES = YES;
				CLANG_WARN_SUSPICIOUS_MOVE = YES;
				CLANG_WARN_UNGUARDED_AVAILABILITY = YES_AGGRESSIVE;
				CLANG_WARN_UNREACHABLE_CODE = YES;
				CLANG_WARN__DUPLICATE_METHOD_MATCH = YES;
				COPY_PHASE_STRIP = NO;
				DEBUG_INFORMATION_FORMAT = dwarf;
				ENABLE_STRICT_OBJC_MSGSEND = YES;
				ENABLE_TESTABILITY = YES;
				GCC_C_LANGUAGE_STANDARD = gnu11;
				GCC_DYNAMIC_NO_PIC = NO;
				GCC_NO_COMMON_BLOCKS = YES;
				GCC_OPTIMIZATION_LEVEL = 0;
				GCC_PREPROCESSOR_DEFINITIONS = (
					"DEBUG=1",
					"$(inherited)",
				);
				GCC_WARN_64_TO_32_BIT_CONVERSION = YES;
				GCC_WARN_ABOUT_RETURN_TYPE = YES_ERROR;
				GCC_WARN_UNDECLARED_SELECTOR = YES;
				GCC_WARN_UNINITIALIZED_AUTOS = YES_AGGRESSIVE;
				GCC_WARN_UNUSED_FUNCTION = YES;
				GCC_WARN_UNUSED_VARIABLE = YES;
				IPHONEOS_DEPLOYMENT_TARGET = 16.4;
				MTL_ENABLE_DEBUG_INFO = INCLUDE_SOURCE;
				MTL_FAST_MATH = YES;
				ONLY_ACTIVE_ARCH = YES;
				SDKROOT = iphoneos;
				SWIFT_ACTIVE_COMPILATION_CONDITIONS = DEBUG;
				SWIFT_OPTIMIZATION_LEVEL = "-Onone";
			};
			name = Debug;
		};
		0B84B3BB29EF45D200EF0FA9 /* Release */ = {
			isa = XCBuildConfiguration;
			buildSettings = {
				ALWAYS_SEARCH_USER_PATHS = NO;
				CLANG_ANALYZER_NONNULL = YES;
				CLANG_ANALYZER_NUMBER_OBJECT_CONVERSION = YES_AGGRESSIVE;
				CLANG_CXX_LANGUAGE_STANDARD = "gnu++20";
				CLANG_ENABLE_MODULES = YES;
				CLANG_ENABLE_OBJC_ARC = YES;
				CLANG_ENABLE_OBJC_WEAK = YES;
				CLANG_WARN_BLOCK_CAPTURE_AUTORELEASING = YES;
				CLANG_WARN_BOOL_CONVERSION = YES;
				CLANG_WARN_COMMA = YES;
				CLANG_WARN_CONSTANT_CONVERSION = YES;
				CLANG_WARN_DEPRECATED_OBJC_IMPLEMENTATIONS = YES;
				CLANG_WARN_DIRECT_OBJC_ISA_USAGE = YES_ERROR;
				CLANG_WARN_DOCUMENTATION_COMMENTS = YES;
				CLANG_WARN_EMPTY_BODY = YES;
				CLANG_WARN_ENUM_CONVERSION = YES;
				CLANG_WARN_INFINITE_RECURSION = YES;
				CLANG_WARN_INT_CONVERSION = YES;
				CLANG_WARN_NON_LITERAL_NULL_CONVERSION = YES;
				CLANG_WARN_OBJC_IMPLICIT_RETAIN_SELF = YES;
				CLANG_WARN_OBJC_LITERAL_CONVERSION = YES;
				CLANG_WARN_OBJC_ROOT_CLASS = YES_ERROR;
				CLANG_WARN_QUOTED_INCLUDE_IN_FRAMEWORK_HEADER = YES;
				CLANG_WARN_RANGE_LOOP_ANALYSIS = YES;
				CLANG_WARN_STRICT_PROTOTYPES = YES;
				CLANG_WARN_SUSPICIOUS_MOVE = YES;
				CLANG_WARN_UNGUARDED_AVAILABILITY = YES_AGGRESSIVE;
				CLANG_WARN_UNREACHABLE_CODE = YES;
				CLANG_WARN__DUPLICATE_METHOD_MATCH = YES;
				COPY_PHASE_STRIP = NO;
				DEBUG_INFORMATION_FORMAT = "dwarf-with-dsym";
				ENABLE_NS_ASSERTIONS = NO;
				ENABLE_STRICT_OBJC_MSGSEND = YES;
				GCC_C_LANGUAGE_STANDARD = gnu11;
				GCC_NO_COMMON_BLOCKS = YES;
				GCC_WARN_64_TO_32_BIT_CONVERSION = YES;
				GCC_WARN_ABOUT_RETURN_TYPE = YES_ERROR;
				GCC_WARN_UNDECLARED_SELECTOR = YES;
				GCC_WARN_UNINITIALIZED_AUTOS = YES_AGGRESSIVE;
				GCC_WARN_UNUSED_FUNCTION = YES;
				GCC_WARN_UNUSED_VARIABLE = YES;
				IPHONEOS_DEPLOYMENT_TARGET = 16.4;
				MTL_ENABLE_DEBUG_INFO = NO;
				MTL_FAST_MATH = YES;
				SDKROOT = iphoneos;
				SWIFT_COMPILATION_MODE = wholemodule;
				SWIFT_OPTIMIZATION_LEVEL = "-O";
				VALIDATE_PRODUCT = YES;
			};
			name = Release;
		};
		0B84B3BD29EF45D200EF0FA9 /* Debug */ = {
			isa = XCBuildConfiguration;
			buildSettings = {
				ASSETCATALOG_COMPILER_APPICON_NAME = AppIcon;
				ASSETCATALOG_COMPILER_GLOBAL_ACCENT_COLOR_NAME = AccentColor;
				CODE_SIGN_STYLE = Automatic;
				CURRENT_PROJECT_VERSION = 1;
				DEVELOPMENT_TEAM = GN3KWRY8X5;
				GENERATE_INFOPLIST_FILE = YES;
				INFOPLIST_FILE = CheFiore/Info.plist;
				INFOPLIST_KEY_UIApplicationSupportsIndirectInputEvents = YES;
				INFOPLIST_KEY_UILaunchStoryboardName = LaunchScreen;
				INFOPLIST_KEY_UIMainStoryboardFile = Main;
				INFOPLIST_KEY_UISupportedInterfaceOrientations_iPad = "UIInterfaceOrientationPortrait UIInterfaceOrientationPortraitUpsideDown UIInterfaceOrientationLandscapeLeft UIInterfaceOrientationLandscapeRight";
				INFOPLIST_KEY_UISupportedInterfaceOrientations_iPhone = "UIInterfaceOrientationPortrait UIInterfaceOrientationLandscapeLeft UIInterfaceOrientationLandscapeRight";
				IPHONEOS_DEPLOYMENT_TARGET = 16.0;
				LD_RUNPATH_SEARCH_PATHS = (
					"$(inherited)",
					"@executable_path/Frameworks",
				);
				MARKETING_VERSION = 1.0;
				PRODUCT_BUNDLE_IDENTIFIER = com.mtncloudservices.CheFiore;
				PRODUCT_NAME = "$(TARGET_NAME)";
				SWIFT_EMIT_LOC_STRINGS = YES;
				SWIFT_VERSION = 5.0;
				TARGETED_DEVICE_FAMILY = "1,2";
			};
			name = Debug;
		};
		0B84B3BE29EF45D200EF0FA9 /* Release */ = {
			isa = XCBuildConfiguration;
			buildSettings = {
				ASSETCATALOG_COMPILER_APPICON_NAME = AppIcon;
				ASSETCATALOG_COMPILER_GLOBAL_ACCENT_COLOR_NAME = AccentColor;
				CODE_SIGN_STYLE = Automatic;
				CURRENT_PROJECT_VERSION = 1;
				DEVELOPMENT_TEAM = GN3KWRY8X5;
				GENERATE_INFOPLIST_FILE = YES;
				INFOPLIST_FILE = CheFiore/Info.plist;
				INFOPLIST_KEY_UIApplicationSupportsIndirectInputEvents = YES;
				INFOPLIST_KEY_UILaunchStoryboardName = LaunchScreen;
				INFOPLIST_KEY_UIMainStoryboardFile = Main;
				INFOPLIST_KEY_UISupportedInterfaceOrientations_iPad = "UIInterfaceOrientationPortrait UIInterfaceOrientationPortraitUpsideDown UIInterfaceOrientationLandscapeLeft UIInterfaceOrientationLandscapeRight";
				INFOPLIST_KEY_UISupportedInterfaceOrientations_iPhone = "UIInterfaceOrientationPortrait UIInterfaceOrientationLandscapeLeft UIInterfaceOrientationLandscapeRight";
				IPHONEOS_DEPLOYMENT_TARGET = 16.0;
				LD_RUNPATH_SEARCH_PATHS = (
					"$(inherited)",
					"@executable_path/Frameworks",
				);
				MARKETING_VERSION = 1.0;
				PRODUCT_BUNDLE_IDENTIFIER = com.mtncloudservices.CheFiore;
				PRODUCT_NAME = "$(TARGET_NAME)";
				SWIFT_EMIT_LOC_STRINGS = YES;
				SWIFT_VERSION = 5.0;
				TARGETED_DEVICE_FAMILY = "1,2";
			};
			name = Release;
		};
/* End XCBuildConfiguration section */

/* Begin XCConfigurationList section */
		0B84B3A329EF45D000EF0FA9 /* Build configuration list for PBXProject "CheFiore" */ = {
			isa = XCConfigurationList;
			buildConfigurations = (
				0B84B3BA29EF45D200EF0FA9 /* Debug */,
				0B84B3BB29EF45D200EF0FA9 /* Release */,
			);
			defaultConfigurationIsVisible = 0;
			defaultConfigurationName = Release;
		};
		0B84B3BC29EF45D200EF0FA9 /* Build configuration list for PBXNativeTarget "CheFiore" */ = {
			isa = XCConfigurationList;
			buildConfigurations = (
				0B84B3BD29EF45D200EF0FA9 /* Debug */,
				0B84B3BE29EF45D200EF0FA9 /* Release */,
			);
			defaultConfigurationIsVisible = 0;
			defaultConfigurationName = Release;
		};
/* End XCConfigurationList section */
	};
	rootObject = 0B84B3A029EF45D000EF0FA9 /* Project object */;
}
